
Microsoft Visual Studio Solution File, Format Version 12.00
# Visual Studio Version 17
VisualStudioVersion = 17.2.32516.85
MinimumVisualStudioVersion = 10.0.40219.1
Project("{FAE04EC0-301F-11D3-BF4B-00C04F79EFBC}") = "blazordebugapp.Server", "blazordebugapp\Server\blazordebugapp.Server.csproj", "{6047A399-C924-40E5-8BA8-300D41258A48}"
EndProject
Project("{FAE04EC0-301F-11D3-BF4B-00C04F79EFBC}") = "blazordebugapp.Client", "blazordebugapp\Client\blazordebugapp.Client.csproj", "{3CAB487F-9729-45BD-9AD5-914BA88CB7A5}"
EndProject
Project("{FAE04EC0-301F-11D3-BF4B-00C04F79EFBC}") = "blazordebugapp.Shared", "blazordebugapp\Shared\blazordebugapp.Shared.csproj", "{0DFCD3AA-8114-4F0A-9347-481919FA7F0B}"
EndProject
Global
	GlobalSection(SolutionConfigurationPlatforms) = preSolution
		Debug|Any CPU = Debug|Any CPU
		Release|Any CPU = Release|Any CPU
	EndGlobalSection
	GlobalSection(ProjectConfigurationPlatforms) = postSolution
		{6047A399-C924-40E5-8BA8-300D41258A48}.Debug|Any CPU.ActiveCfg = Debug|Any CPU
		{6047A399-C924-40E5-8BA8-300D41258A48}.Debug|Any CPU.Build.0 = Debug|Any CPU
		{6047A399-C924-40E5-8BA8-300D41258A48}.Release|Any CPU.ActiveCfg = Release|Any CPU
		{6047A399-C924-40E5-8BA8-300D41258A48}.Release|Any CPU.Build.0 = Release|Any CPU
		{3CAB487F-9729-45BD-9AD5-914BA88CB7A5}.Debug|Any CPU.ActiveCfg = Debug|Any CPU
		{3CAB487F-9729-45BD-9AD5-914BA88CB7A5}.Debug|Any CPU.Build.0 = Debug|Any CPU
		{3CAB487F-9729-45BD-9AD5-914BA88CB7A5}.Release|Any CPU.ActiveCfg = Release|Any CPU
		{3CAB487F-9729-45BD-9AD5-914BA88CB7A5}.Release|Any CPU.Build.0 = Release|Any CPU
		{0DFCD3AA-8114-4F0A-9347-481919FA7F0B}.Debug|Any CPU.ActiveCfg = Debug|Any CPU
		{0DFCD3AA-8114-4F0A-9347-481919FA7F0B}.Debug|Any CPU.Build.0 = Debug|Any CPU
		{0DFCD3AA-8114-4F0A-9347-481919FA7F0B}.Release|Any CPU.ActiveCfg = Release|Any CPU
		{0DFCD3AA-8114-4F0A-9347-481919FA7F0B}.Release|Any CPU.Build.0 = Release|Any CPU
	EndGlobalSection
	GlobalSection(SolutionProperties) = preSolution
		HideSolutionNode = FALSE
	EndGlobalSection
	GlobalSection(ExtensibilityGlobals) = postSolution
		SolutionGuid = {397FE408-C1BB-4E3D-9581-29B4C4D35935}
	EndGlobalSection
EndGlobal
